
Microsoft Visual Studio Solution File, Format Version 12.00
# Visual Studio Version 16
VisualStudioVersion = 16.0.32901.82
MinimumVisualStudioVersion = 10.0.40219.1
Project("{FAE04EC0-301F-11D3-BF4B-00C04F79EFBC}") = "WinFormsApp1", "WinFormsApp1\WinFormsApp1.csproj", "{23831649-4A73-4E08-BE3C-02EFD615C928}"
EndProject
Global
	GlobalSection(SolutionConfigurationPlatforms) = preSolution
		Debug|Any CPU = Debug|Any CPU
		Release|Any CPU = Release|Any CPU
	EndGlobalSection
	GlobalSection(ProjectConfigurationPlatforms) = postSolution
		{23831649-4A73-4E08-BE3C-02EFD615C928}.Debug|Any CPU.ActiveCfg = Debug|Any CPU
		{23831649-4A73-4E08-BE3C-02EFD615C928}.Debug|Any CPU.Build.0 = Debug|Any CPU
		{23831649-4A73-4E08-BE3C-02EFD615C928}.Release|Any CPU.ActiveCfg = Release|Any CPU
		{23831649-4A73-4E08-BE3C-02EFD615C928}.Release|Any CPU.Build.0 = Release|Any CPU
	EndGlobalSection
	GlobalSection(SolutionProperties) = preSolution
		HideSolutionNode = FALSE
	EndGlobalSection
	GlobalSection(ExtensibilityGlobals) = postSolution
		SolutionGuid = {D2F0781E-C2F8-44A0-9794-FA3845C26402}
	EndGlobalSection
EndGlobal
